// !$*UTF8*$!
{
	archiveVersion = 1;
	classes = {
	};
	objectVersion = 50;
	objects = {

/* Begin PBXBuildFile section */
		037FB1A421E9B6DA0034B3FA /* AppDelegate.swift in Sources */ = {isa = PBXBuildFile; fileRef = 037FB1A321E9B6DA0034B3FA /* AppDelegate.swift */; };
		037FB1A621E9B6DA0034B3FA /* AlarmViewController.swift in Sources */ = {isa = PBXBuildFile; fileRef = 037FB1A521E9B6DA0034B3FA /* AlarmViewController.swift */; };
		037FB1A921E9B6DA0034B3FA /* Main.storyboard in Resources */ = {isa = PBXBuildFile; fileRef = 037FB1A721E9B6DA0034B3FA /* Main.storyboard */; };
		037FB1AB21E9B6E00034B3FA /* Assets.xcassets in Resources */ = {isa = PBXBuildFile; fileRef = 037FB1AA21E9B6E00034B3FA /* Assets.xcassets */; };
		037FB1AE21E9B6E00034B3FA /* LaunchScreen.storyboard in Resources */ = {isa = PBXBuildFile; fileRef = 037FB1AC21E9B6E00034B3FA /* LaunchScreen.storyboard */; };
		037FB1B621E9FC910034B3FA /* Alarm.swift in Sources */ = {isa = PBXBuildFile; fileRef = 037FB1B521E9FC910034B3FA /* Alarm.swift */; };
		037FB1BA21ECF0BC0034B3FA /* AlertViewController.swift in Sources */ = {isa = PBXBuildFile; fileRef = 037FB1B921ECF0BC0034B3FA /* AlertViewController.swift */; };
		037FB1BC21EDAD090034B3FA /* Audio in Resources */ = {isa = PBXBuildFile; fileRef = 037FB1BB21EDAD090034B3FA /* Audio */; };
/* End PBXBuildFile section */

/* Begin PBXFileReference section */
		037FB1A021E9B6DA0034B3FA /* Alarm.app */ = {isa = PBXFileReference; explicitFileType = wrapper.application; includeInIndex = 0; path = Alarm.app; sourceTree = BUILT_PRODUCTS_DIR; };
		037FB1A321E9B6DA0034B3FA /* AppDelegate.swift */ = {isa = PBXFileReference; lastKnownFileType = sourcecode.swift; path = AppDelegate.swift; sourceTree = "<group>"; };
		037FB1A521E9B6DA0034B3FA /* AlarmViewController.swift */ = {isa = PBXFileReference; lastKnownFileType = sourcecode.swift; path = AlarmViewController.swift; sourceTree = "<group>"; };
		037FB1A821E9B6DA0034B3FA /* Base */ = {isa = PBXFileReference; lastKnownFileType = file.storyboard; name = Base; path = Base.lproj/Main.storyboard; sourceTree = "<group>"; };
		037FB1AA21E9B6E00034B3FA /* Assets.xcassets */ = {isa = PBXFileReference; lastKnownFileType = folder.assetcatalog; path = Assets.xcassets; sourceTree = "<group>"; };
		037FB1AD21E9B6E00034B3FA /* Base */ = {isa = PBXFileReference; lastKnownFileType = file.storyboard; name = Base; path = Base.lproj/LaunchScreen.storyboard; sourceTree = "<group>"; };
		037FB1AF21E9B6E00034B3FA /* Info.plist */ = {isa = PBXFileReference; lastKnownFileType = text.plist.xml; path = Info.plist; sourceTree = "<group>"; };
		037FB1B521E9FC910034B3FA /* Alarm.swift */ = {isa = PBXFileReference; lastKnownFileType = sourcecode.swift; path = Alarm.swift; sourceTree = "<group>"; };
		037FB1B921ECF0BC0034B3FA /* AlertViewController.swift */ = {isa = PBXFileReference; lastKnownFileType = sourcecode.swift; path = AlertViewController.swift; sourceTree = "<group>"; };
		037FB1BB21EDAD090034B3FA /* Audio */ = {isa = PBXFileReference; lastKnownFileType = folder; path = Audio; sourceTree = "<group>"; };
/* End PBXFileReference section */

/* Begin PBXFrameworksBuildPhase section */
		037FB19D21E9B6DA0034B3FA /* Frameworks */ = {
			isa = PBXFrameworksBuildPhase;
			buildActionMask = 2147483647;
			files = (
			);
			runOnlyForDeploymentPostprocessing = 0;
		};
/* End PBXFrameworksBuildPhase section */

/* Begin PBXGroup section */
		037FB19721E9B6D90034B3FA = {
			isa = PBXGroup;
			children = (
				037FB1B921ECF0BC0034B3FA /* AlertViewController.swift */,
				037FB1A221E9B6DA0034B3FA /* Alarm */,
				037FB1A121E9B6DA0034B3FA /* Products */,
			);
			sourceTree = "<group>";
		};
		037FB1A121E9B6DA0034B3FA /* Products */ = {
			isa = PBXGroup;
			children = (
				037FB1A021E9B6DA0034B3FA /* Alarm.app */,
			);
			name = Products;
			sourceTree = "<group>";
		};
		037FB1A221E9B6DA0034B3FA /* Alarm */ = {
			isa = PBXGroup;
			children = (
				037FB1BB21EDAD090034B3FA /* Audio */,
				037FB1A321E9B6DA0034B3FA /* AppDelegate.swift */,
				037FB1A521E9B6DA0034B3FA /* AlarmViewController.swift */,
				037FB1A721E9B6DA0034B3FA /* Main.storyboard */,
				037FB1B521E9FC910034B3FA /* Alarm.swift */,
				037FB1AA21E9B6E00034B3FA /* Assets.xcassets */,
				037FB1AC21E9B6E00034B3FA /* LaunchScreen.storyboard */,
				037FB1AF21E9B6E00034B3FA /* Info.plist */,
			);
			path = Alarm;
			sourceTree = "<group>";
		};
/* End PBXGroup section */

/* Begin PBXNativeTarget section */
		037FB19F21E9B6DA0034B3FA /* Alarm */ = {
			isa = PBXNativeTarget;
			buildConfigurationList = 037FB1B221E9B6E00034B3FA /* Build configuration list for PBXNativeTarget "Alarm" */;
			buildPhases = (
				037FB19C21E9B6DA0034B3FA /* Sources */,
				037FB19D21E9B6DA0034B3FA /* Frameworks */,
				037FB19E21E9B6DA0034B3FA /* Resources */,
			);
			buildRules = (
			);
			dependencies = (
			);
			name = Alarm;
			productName = Alarm;
			productReference = 037FB1A021E9B6DA0034B3FA /* Alarm.app */;
			productType = "com.apple.product-type.application";
		};
/* End PBXNativeTarget section */

/* Begin PBXProject section */
		037FB19821E9B6D90034B3FA /* Project object */ = {
			isa = PBXProject;
			attributes = {
				LastSwiftUpdateCheck = 1010;
				LastUpgradeCheck = 1010;
				ORGANIZATIONNAME = "Mahir Jhaveri ";
				TargetAttributes = {
					037FB19F21E9B6DA0034B3FA = {
						CreatedOnToolsVersion = 10.1;
					};
				};
			};
			buildConfigurationList = 037FB19B21E9B6D90034B3FA /* Build configuration list for PBXProject "Alarm" */;
			compatibilityVersion = "Xcode 9.3";
			developmentRegion = en;
			hasScannedForEncodings = 0;
			knownRegions = (
				en,
				Base,
			);
			mainGroup = 037FB19721E9B6D90034B3FA;
			productRefGroup = 037FB1A121E9B6DA0034B3FA /* Products */;
			projectDirPath = "";
			projectRoot = "";
			targets = (
				037FB19F21E9B6DA0034B3FA /* Alarm */,
			);
		};
/* End PBXProject section */

/* Begin PBXResourcesBuildPhase section */
		037FB19E21E9B6DA0034B3FA /* Resources */ = {
			isa = PBXResourcesBuildPhase;
			buildActionMask = 2147483647;
			files = (
				037FB1AE21E9B6E00034B3FA /* LaunchScreen.storyboard in Resources */,
				037FB1AB21E9B6E00034B3FA /* Assets.xcassets in Resources */,
				037FB1A921E9B6DA0034B3FA /* Main.storyboard in Resources */,
				037FB1BC21EDAD090034B3FA /* Audio in Resources */,
			);
			runOnlyForDeploymentPostprocessing = 0;
		};
/* End PBXResourcesBuildPhase section */

/* Begin PBXSourcesBuildPhase section */
		037FB19C21E9B6DA0034B3FA /* Sources */ = {
			isa = PBXSourcesBuildPhase;
			buildActionMask = 2147483647;
			files = (
				037FB1A621E9B6DA0034B3FA /* AlarmViewController.swift in Sources */,
				037FB1A421E9B6DA0034B3FA /* AppDelegate.swift in Sources */,
				037FB1B621E9FC910034B3FA /* Alarm.swift in Sources */,
				037FB1BA21ECF0BC0034B3FA /* AlertViewController.swift in Sources */,
			);
			runOnlyForDeploymentPostprocessing = 0;
		};
/* End PBXSourcesBuildPhase section */

/* Begin PBXVariantGroup section */
		037FB1A721E9B6DA0034B3FA /* Main.storyboard */ = {
			isa = PBXVariantGroup;
			children = (
				037FB1A821E9B6DA0034B3FA /* Base */,
			);
			name = Main.storyboard;
			sourceTree = "<group>";
		};
		037FB1AC21E9B6E00034B3FA /* LaunchScreen.storyboard */ = {
			isa = PBXVariantGroup;
			children = (
				037FB1AD21E9B6E00034B3FA /* Base */,
			);
			name = LaunchScreen.storyboard;
			sourceTree = "<group>";
		};
/* End PBXVariantGroup section */

/* Begin XCBuildConfiguration section */
		037FB1B021E9B6E00034B3FA /* Debug */ = {
			isa = XCBuildConfiguration;
			buildSettings = {
				ALWAYS_SEARCH_USER_PATHS = NO;
				CLANG_ANALYZER_NONNULL = YES;
				CLANG_ANALYZER_NUMBER_OBJECT_CONVERSION = YES_AGGRESSIVE;
				CLANG_CXX_LANGUAGE_STANDARD = "gnu++14";
				CLANG_CXX_LIBRARY = "libc++";
				CLANG_ENABLE_MODULES = YES;
				CLANG_ENABLE_OBJC_ARC = YES;
				CLANG_ENABLE_OBJC_WEAK = YES;
				CLANG_WARN_BLOCK_CAPTURE_AUTORELEASING = YES;
				CLANG_WARN_BOOL_CONVERSION = YES;
				CLANG_WARN_COMMA = YES;
				CLANG_WARN_CONSTANT_CONVERSION = YES;
				CLANG_WARN_DEPRECATED_OBJC_IMPLEMENTATIONS = YES;
				CLANG_WARN_DIRECT_OBJC_ISA_USAGE = YES_ERROR;
				CLANG_WARN_DOCUMENTATION_COMMENTS = YES;
				CLANG_WARN_EMPTY_BODY = YES;
				CLANG_WARN_ENUM_CONVERSION = YES;
				CLANG_WARN_INFINITE_RECURSION = YES;
				CLANG_WARN_INT_CONVERSION = YES;
				CLANG_WARN_NON_LITERAL_NULL_CONVERSION = YES;
				CLANG_WARN_OBJC_IMPLICIT_RETAIN_SELF = YES;
				CLANG_WARN_OBJC_LITERAL_CONVERSION = YES;
				CLANG_WARN_OBJC_ROOT_CLASS = YES_ERROR;
				CLANG_WARN_RANGE_LOOP_ANALYSIS = YES;
				CLANG_WARN_STRICT_PROTOTYPES = YES;
				CLANG_WARN_SUSPICIOUS_MOVE = YES;
				CLANG_WARN_UNGUARDED_AVAILABILITY = YES_AGGRESSIVE;
				CLANG_WARN_UNREACHABLE_CODE = YES;
				CLANG_WARN__DUPLICATE_METHOD_MATCH = YES;
				CODE_SIGN_IDENTITY = "iPhone Developer";
				COPY_PHASE_STRIP = NO;
				DEBUG_INFORMATION_FORMAT = dwarf;
				ENABLE_STRICT_OBJC_MSGSEND = YES;
				ENABLE_TESTABILITY = YES;
				GCC_C_LANGUAGE_STANDARD = gnu11;
				GCC_DYNAMIC_NO_PIC = NO;
				GCC_NO_COMMON_BLOCKS = YES;
				GCC_OPTIMIZATION_LEVEL = 0;
				GCC_PREPROCESSOR_DEFINITIONS = (
					"DEBUG=1",
					"$(inherited)",
				);
				GCC_WARN_64_TO_32_BIT_CONVERSION = YES;
				GCC_WARN_ABOUT_RETURN_TYPE = YES_ERROR;
				GCC_WARN_UNDECLARED_SELECTOR = YES;
				GCC_WARN_UNINITIALIZED_AUTOS = YES_AGGRESSIVE;
				GCC_WARN_UNUSED_FUNCTION = YES;
				GCC_WARN_UNUSED_VARIABLE = YES;
				IPHONEOS_DEPLOYMENT_TARGET = 12.1;
				MTL_ENABLE_DEBUG_INFO = INCLUDE_SOURCE;
				MTL_FAST_MATH = YES;
				ONLY_ACTIVE_ARCH = YES;
				SDKROOT = iphoneos;
				SWIFT_ACTIVE_COMPILATION_CONDITIONS = DEBUG;
				SWIFT_OPTIMIZATION_LEVEL = "-Onone";
			};
			name = Debug;
		};
		037FB1B121E9B6E00034B3FA /* Release */ = {
			isa = XCBuildConfiguration;
			buildSettings = {
				ALWAYS_SEARCH_USER_PATHS = NO;
				CLANG_ANALYZER_NONNULL = YES;
				CLANG_ANALYZER_NUMBER_OBJECT_CONVERSION = YES_AGGRESSIVE;
				CLANG_CXX_LANGUAGE_STANDARD = "gnu++14";
				CLANG_CXX_LIBRARY = "libc++";
				CLANG_ENABLE_MODULES = YES;
				CLANG_ENABLE_OBJC_ARC = YES;
				CLANG_ENABLE_OBJC_WEAK = YES;
				CLANG_WARN_BLOCK_CAPTURE_AUTORELEASING = YES;
				CLANG_WARN_BOOL_CONVERSION = YES;
				CLANG_WARN_COMMA = YES;
				CLANG_WARN_CONSTANT_CONVERSION = YES;
				CLANG_WARN_DEPRECATED_OBJC_IMPLEMENTATIONS = YES;
				CLANG_WARN_DIRECT_OBJC_ISA_USAGE = YES_ERROR;
				CLANG_WARN_DOCUMENTATION_COMMENTS = YES;
				CLANG_WARN_EMPTY_BODY = YES;
				CLANG_WARN_ENUM_CONVERSION = YES;
				CLANG_WARN_INFINITE_RECURSION = YES;
				CLANG_WARN_INT_CONVERSION = YES;
				CLANG_WARN_NON_LITERAL_NULL_CONVERSION = YES;
				CLANG_WARN_OBJC_IMPLICIT_RETAIN_SELF = YES;
				CLANG_WARN_OBJC_LITERAL_CONVERSION = YES;
				CLANG_WARN_OBJC_ROOT_CLASS = YES_ERROR;
				CLANG_WARN_RANGE_LOOP_ANALYSIS = YES;
				CLANG_WARN_STRICT_PROTOTYPES = YES;
				CLANG_WARN_SUSPICIOUS_MOVE = YES;
				CLANG_WARN_UNGUARDED_AVAILABILITY = YES_AGGRESSIVE;
				CLANG_WARN_UNREACHABLE_CODE = YES;
				CLANG_WARN__DUPLICATE_METHOD_MATCH = YES;
				CODE_SIGN_IDENTITY = "iPhone Developer";
				COPY_PHASE_STRIP = NO;
				DEBUG_INFORMATION_FORMAT = "dwarf-with-dsym";
				ENABLE_NS_ASSERTIONS = NO;
				ENABLE_STRICT_OBJC_MSGSEND = YES;
				GCC_C_LANGUAGE_STANDARD = gnu11;
				GCC_NO_COMMON_BLOCKS = YES;
				GCC_WARN_64_TO_32_BIT_CONVERSION = YES;
				GCC_WARN_ABOUT_RETURN_TYPE = YES_ERROR;
				GCC_WARN_UNDECLARED_SELECTOR = YES;
				GCC_WARN_UNINITIALIZED_AUTOS = YES_AGGRESSIVE;
				GCC_WARN_UNUSED_FUNCTION = YES;
				GCC_WARN_UNUSED_VARIABLE = YES;
				IPHONEOS_DEPLOYMENT_TARGET = 12.1;
				MTL_ENABLE_DEBUG_INFO = NO;
				MTL_FAST_MATH = YES;
				SDKROOT = iphoneos;
				SWIFT_COMPILATION_MODE = wholemodule;
				SWIFT_OPTIMIZATION_LEVEL = "-O";
				VALIDATE_PRODUCT = YES;
			};
			name = Release;
		};
		037FB1B321E9B6E00034B3FA /* Debug */ = {
			isa = XCBuildConfiguration;
			buildSettings = {
				ASSETCATALOG_COMPILER_APPICON_NAME = AppIcon;
				CODE_SIGN_STYLE = Automatic;
				DEVELOPMENT_TEAM = 26L7J43SMV;
				INFOPLIST_FILE = Alarm/Info.plist;
				LD_RUNPATH_SEARCH_PATHS = (
					"$(inherited)",
					"@executable_path/Frameworks",
				);
				PRODUCT_BUNDLE_IDENTIFIER = com.mahirjhaveri.Alarm;
				PRODUCT_NAME = "$(TARGET_NAME)";
				SWIFT_VERSION = 4.2;
				TARGETED_DEVICE_FAMILY = "1,2";
			};
			name = Debug;
		};
		037FB1B421E9B6E00034B3FA /* Release */ = {
			isa = XCBuildConfiguration;
			buildSettings = {
				ASSETCATALOG_COMPILER_APPICON_NAME = AppIcon;
				CODE_SIGN_STYLE = Automatic;
				DEVELOPMENT_TEAM = 26L7J43SMV;
				INFOPLIST_FILE = Alarm/Info.plist;
				LD_RUNPATH_SEARCH_PATHS = (
					"$(inherited)",
					"@executable_path/Frameworks",
				);
				PRODUCT_BUNDLE_IDENTIFIER = com.mahirjhaveri.Alarm;
				PRODUCT_NAME = "$(TARGET_NAME)";
				SWIFT_VERSION = 4.2;
				TARGETED_DEVICE_FAMILY = "1,2";
			};
			name = Release;
		};
/* End XCBuildConfiguration section */

/* Begin XCConfigurationList section */
		037FB19B21E9B6D90034B3FA /* Build configuration list for PBXProject "Alarm" */ = {
			isa = XCConfigurationList;
			buildConfigurations = (
				037FB1B021E9B6E00034B3FA /* Debug */,
				037FB1B121E9B6E00034B3FA /* Release */,
			);
			defaultConfigurationIsVisible = 0;
			defaultConfigurationName = Release;
		};
		037FB1B221E9B6E00034B3FA /* Build configuration list for PBXNativeTarget "Alarm" */ = {
			isa = XCConfigurationList;
			buildConfigurations = (
				037FB1B321E9B6E00034B3FA /* Debug */,
				037FB1B421E9B6E00034B3FA /* Release */,
			);
			defaultConfigurationIsVisible = 0;
			defaultConfigurationName = Release;
		};
/* End XCConfigurationList section */
	};
	rootObject = 037FB19821E9B6D90034B3FA /* Project object */;
}
